
Microsoft Visual Studio Solution File, Format Version 12.00
# Visual Studio 2013
VisualStudioVersion = 12.0.21005.1
MinimumVisualStudioVersion = 10.0.40219.1
Project("{8BC9CEB8-8B4A-11D0-8D11-00A0C91BC942}") = "UDPServer", "..\..\udp\UDPServer\UDPServer.vcxproj", "{187EE66F-B0A9-43D0-9B47-01161A6D6804}"
EndProject
Project("{8BC9CEB8-8B4A-11D0-8D11-00A0C91BC942}") = "UDPTest", "..\..\udp\UDPTest\UDPTest.vcxproj", "{1BEC4D03-AE7E-4ADB-B533-28A24F5C0F5D}"
EndProject
Project("{8BC9CEB8-8B4A-11D0-8D11-00A0C91BC942}") = "ftplib", "..\ftplib\ftplib.vcxproj", "{0AD3DCD9-00EC-4DFB-8CE9-6A717B4B10AE}"
EndProject
Project("{8BC9CEB8-8B4A-11D0-8D11-00A0C91BC942}") = "ftptest", "ftptest.vcxproj", "{580BF84A-E9EC-421B-BCEA-EE0BBB90F65F}"
EndProject
Global
	GlobalSection(SolutionConfigurationPlatforms) = preSolution
		Debug|Win32 = Debug|Win32
		Release|Win32 = Release|Win32
		Template|Win32 = Template|Win32
	EndGlobalSection
	GlobalSection(ProjectConfigurationPlatforms) = postSolution
		{187EE66F-B0A9-43D0-9B47-01161A6D6804}.Debug|Win32.ActiveCfg = Debug|Win32
		{187EE66F-B0A9-43D0-9B47-01161A6D6804}.Debug|Win32.Build.0 = Debug|Win32
		{187EE66F-B0A9-43D0-9B47-01161A6D6804}.Release|Win32.ActiveCfg = Release|Win32
		{187EE66F-B0A9-43D0-9B47-01161A6D6804}.Release|Win32.Build.0 = Release|Win32
		{187EE66F-B0A9-43D0-9B47-01161A6D6804}.Template|Win32.ActiveCfg = Release|Win32
		{187EE66F-B0A9-43D0-9B47-01161A6D6804}.Template|Win32.Build.0 = Release|Win32
		{1BEC4D03-AE7E-4ADB-B533-28A24F5C0F5D}.Debug|Win32.ActiveCfg = Debug|Win32
		{1BEC4D03-AE7E-4ADB-B533-28A24F5C0F5D}.Debug|Win32.Build.0 = Debug|Win32
		{1BEC4D03-AE7E-4ADB-B533-28A24F5C0F5D}.Release|Win32.ActiveCfg = Release|Win32
		{1BEC4D03-AE7E-4ADB-B533-28A24F5C0F5D}.Release|Win32.Build.0 = Release|Win32
		{1BEC4D03-AE7E-4ADB-B533-28A24F5C0F5D}.Template|Win32.ActiveCfg = Template|Win32
		{1BEC4D03-AE7E-4ADB-B533-28A24F5C0F5D}.Template|Win32.Build.0 = Template|Win32
		{0AD3DCD9-00EC-4DFB-8CE9-6A717B4B10AE}.Debug|Win32.ActiveCfg = Debug|Win32
		{0AD3DCD9-00EC-4DFB-8CE9-6A717B4B10AE}.Debug|Win32.Build.0 = Debug|Win32
		{0AD3DCD9-00EC-4DFB-8CE9-6A717B4B10AE}.Release|Win32.ActiveCfg = Release|Win32
		{0AD3DCD9-00EC-4DFB-8CE9-6A717B4B10AE}.Release|Win32.Build.0 = Release|Win32
		{0AD3DCD9-00EC-4DFB-8CE9-6A717B4B10AE}.Template|Win32.ActiveCfg = Template|Win32
		{0AD3DCD9-00EC-4DFB-8CE9-6A717B4B10AE}.Template|Win32.Build.0 = Template|Win32
		{580BF84A-E9EC-421B-BCEA-EE0BBB90F65F}.Debug|Win32.ActiveCfg = Debug|Win32
		{580BF84A-E9EC-421B-BCEA-EE0BBB90F65F}.Debug|Win32.Build.0 = Debug|Win32
		{580BF84A-E9EC-421B-BCEA-EE0BBB90F65F}.Release|Win32.ActiveCfg = Release|Win32
		{580BF84A-E9EC-421B-BCEA-EE0BBB90F65F}.Release|Win32.Build.0 = Release|Win32
		{580BF84A-E9EC-421B-BCEA-EE0BBB90F65F}.Template|Win32.ActiveCfg = Template|Win32
		{580BF84A-E9EC-421B-BCEA-EE0BBB90F65F}.Template|Win32.Build.0 = Template|Win32
	EndGlobalSection
	GlobalSection(SolutionProperties) = preSolution
		HideSolutionNode = FALSE
	EndGlobalSection
EndGlobal
